// !$*UTF8*$!
{
	archiveVersion = 1;
	classes = {
	};
	objectVersion = 55;
	objects = {

/* Begin PBXBuildFile section */
		8900CB7D2885F8B0007DDE9F /* Tests_iOS.swift in Sources */ = {isa = PBXBuildFile; fileRef = 8900CB7C2885F8B0007DDE9F /* Tests_iOS.swift */; };
		8900CB7F2885F8B0007DDE9F /* Tests_iOSLaunchTests.swift in Sources */ = {isa = PBXBuildFile; fileRef = 8900CB7E2885F8B0007DDE9F /* Tests_iOSLaunchTests.swift */; };
		8900CB892885F8B0007DDE9F /* Tests_macOS.swift in Sources */ = {isa = PBXBuildFile; fileRef = 8900CB882885F8B0007DDE9F /* Tests_macOS.swift */; };
		8900CB8B2885F8B0007DDE9F /* Tests_macOSLaunchTests.swift in Sources */ = {isa = PBXBuildFile; fileRef = 8900CB8A2885F8B0007DDE9F /* Tests_macOSLaunchTests.swift */; };
		8900CB8C2885F8B0007DDE9F /* LocaleApp.swift in Sources */ = {isa = PBXBuildFile; fileRef = 8900CB642885F8AE007DDE9F /* LocaleApp.swift */; };
		8900CB8D2885F8B0007DDE9F /* LocaleApp.swift in Sources */ = {isa = PBXBuildFile; fileRef = 8900CB642885F8AE007DDE9F /* LocaleApp.swift */; };
		8900CB8E2885F8B0007DDE9F /* ContentView.swift in Sources */ = {isa = PBXBuildFile; fileRef = 8900CB652885F8AE007DDE9F /* ContentView.swift */; };
		8900CB8F2885F8B0007DDE9F /* ContentView.swift in Sources */ = {isa = PBXBuildFile; fileRef = 8900CB652885F8AE007DDE9F /* ContentView.swift */; };
		8900CB902885F8B0007DDE9F /* Assets.xcassets in Resources */ = {isa = PBXBuildFile; fileRef = 8900CB662885F8B0007DDE9F /* Assets.xcassets */; };
		8900CB912885F8B0007DDE9F /* Assets.xcassets in Resources */ = {isa = PBXBuildFile; fileRef = 8900CB662885F8B0007DDE9F /* Assets.xcassets */; };
		8900CBAA2885FAA7007DDE9F /* LogInView.swift in Sources */ = {isa = PBXBuildFile; fileRef = 8900CBA92885FAA7007DDE9F /* LogInView.swift */; };
		8900CBAC2885FACF007DDE9F /* AuthViewModel.swift in Sources */ = {isa = PBXBuildFile; fileRef = 8900CBAB2885FACF007DDE9F /* AuthViewModel.swift */; };
		8900CBAF2885FB3F007DDE9F /* FirebaseAuth in Frameworks */ = {isa = PBXBuildFile; productRef = 8900CBAE2885FB3F007DDE9F /* FirebaseAuth */; };
		8900CBB12885FB3F007DDE9F /* FirebaseFirestore in Frameworks */ = {isa = PBXBuildFile; productRef = 8900CBB02885FB3F007DDE9F /* FirebaseFirestore */; };
		8900CBB32885FB3F007DDE9F /* FirebaseFirestoreSwift in Frameworks */ = {isa = PBXBuildFile; productRef = 8900CBB22885FB3F007DDE9F /* FirebaseFirestoreSwift */; };
		8900CBB52885FB3F007DDE9F /* FirebaseStorage in Frameworks */ = {isa = PBXBuildFile; productRef = 8900CBB42885FB3F007DDE9F /* FirebaseStorage */; };
		8900CBB72885FBC3007DDE9F /* GoogleService-Info.plist in Resources */ = {isa = PBXBuildFile; fileRef = 8900CBB62885FBC3007DDE9F /* GoogleService-Info.plist */; };
		8900CBBA2885FC07007DDE9F /* AuthHeaderView.swift in Sources */ = {isa = PBXBuildFile; fileRef = 8900CBB92885FC07007DDE9F /* AuthHeaderView.swift */; };
		8900CBBC2885FC48007DDE9F /* UserService.swift in Sources */ = {isa = PBXBuildFile; fileRef = 8900CBBB2885FC48007DDE9F /* UserService.swift */; };
		8900CBBE2885FCB3007DDE9F /* RegistrationView.swift in Sources */ = {isa = PBXBuildFile; fileRef = 8900CBBD2885FCB3007DDE9F /* RegistrationView.swift */; };
		8900CBC02885FCF3007DDE9F /* CustomInputField.swift in Sources */ = {isa = PBXBuildFile; fileRef = 8900CBBF2885FCF3007DDE9F /* CustomInputField.swift */; };
		8900CBC32885FD65007DDE9F /* Kingfisher in Frameworks */ = {isa = PBXBuildFile; productRef = 8900CBC22885FD65007DDE9F /* Kingfisher */; };
		8900CBC52885FE82007DDE9F /* User.swift in Sources */ = {isa = PBXBuildFile; fileRef = 8900CBC42885FE82007DDE9F /* User.swift */; };
		8900CBC82885FEC5007DDE9F /* RoundedShape.swift in Sources */ = {isa = PBXBuildFile; fileRef = 8900CBC72885FEC5007DDE9F /* RoundedShape.swift */; };
		8900CBCD288615A8007DDE9F /* MainTabView.swift in Sources */ = {isa = PBXBuildFile; fileRef = 8900CBCC288615A8007DDE9F /* MainTabView.swift */; };
		8900CBD328861605007DDE9F /* FeedView.swift in Sources */ = {isa = PBXBuildFile; fileRef = 8900CBD228861605007DDE9F /* FeedView.swift */; };
		8900CBD528861617007DDE9F /* FeedViewModel.swift in Sources */ = {isa = PBXBuildFile; fileRef = 8900CBD428861617007DDE9F /* FeedViewModel.swift */; };
		8900CBDA28861812007DDE9F /* OrdersView.swift in Sources */ = {isa = PBXBuildFile; fileRef = 8900CBD928861812007DDE9F /* OrdersView.swift */; };
		8900CBDC2886181E007DDE9F /* AccountView.swift in Sources */ = {isa = PBXBuildFile; fileRef = 8900CBDB2886181E007DDE9F /* AccountView.swift */; };
		8900CBDE28861826007DDE9F /* ExploreView.swift in Sources */ = {isa = PBXBuildFile; fileRef = 8900CBDD28861826007DDE9F /* ExploreView.swift */; };
		89121E9E2891796D00E1F3E5 /* Client.swift in Sources */ = {isa = PBXBuildFile; fileRef = 89121E9D2891796D00E1F3E5 /* Client.swift */; };
		89121EA02898347100E1F3E5 /* ExploreViewModel.swift in Sources */ = {isa = PBXBuildFile; fileRef = 89121E9F2898347100E1F3E5 /* ExploreViewModel.swift */; };
		89121EA228983EC500E1F3E5 /* ProductService.swift in Sources */ = {isa = PBXBuildFile; fileRef = 89121EA128983EC500E1F3E5 /* ProductService.swift */; };
		89C81DDE2886346B00901D3B /* GoogleService-Info.plist in Resources */ = {isa = PBXBuildFile; fileRef = 8900CBB62885FBC3007DDE9F /* GoogleService-Info.plist */; };
		89E2CE7628864FA1008D4CE4 /* Exec-Corners-Medium.ttf in Resources */ = {isa = PBXBuildFile; fileRef = 89E2CE7528864F9D008D4CE4 /* Exec-Corners-Medium.ttf */; };
		89E2CE7728864FA1008D4CE4 /* Exec-Corners-Medium.ttf in Resources */ = {isa = PBXBuildFile; fileRef = 89E2CE7528864F9D008D4CE4 /* Exec-Corners-Medium.ttf */; };
		89E2CE792886501F008D4CE4 /* FontsManager.swift in Sources */ = {isa = PBXBuildFile; fileRef = 89E2CE782886501F008D4CE4 /* FontsManager.swift */; };
		89E2CE7A2886501F008D4CE4 /* FontsManager.swift in Sources */ = {isa = PBXBuildFile; fileRef = 89E2CE782886501F008D4CE4 /* FontsManager.swift */; };
		89E2CE7C28865249008D4CE4 /* Trebuchet MS Bold.ttf in Resources */ = {isa = PBXBuildFile; fileRef = 89E2CE7B28865249008D4CE4 /* Trebuchet MS Bold.ttf */; };
		89E2CE7D28865249008D4CE4 /* Trebuchet MS Bold.ttf in Resources */ = {isa = PBXBuildFile; fileRef = 89E2CE7B28865249008D4CE4 /* Trebuchet MS Bold.ttf */; };
		89E2CE7F2886525B008D4CE4 /* Trebuchet MS.ttf in Resources */ = {isa = PBXBuildFile; fileRef = 89E2CE7E2886525B008D4CE4 /* Trebuchet MS.ttf */; };
		89E2CE802886525B008D4CE4 /* Trebuchet MS.ttf in Resources */ = {isa = PBXBuildFile; fileRef = 89E2CE7E2886525B008D4CE4 /* Trebuchet MS.ttf */; };
		89E813D8288A0378005A69EF /* FeedItemView.swift in Sources */ = {isa = PBXBuildFile; fileRef = 89E813D7288A0378005A69EF /* FeedItemView.swift */; };
		89E813E0288A0A57005A69EF /* AddItemView.swift in Sources */ = {isa = PBXBuildFile; fileRef = 89E813DF288A0A57005A69EF /* AddItemView.swift */; };
		89E813E2288A0CA9005A69EF /* ColorManager.swift in Sources */ = {isa = PBXBuildFile; fileRef = 89E813E1288A0CA9005A69EF /* ColorManager.swift */; };
		89E813E7288AD0B9005A69EF /* SearchBar.swift in Sources */ = {isa = PBXBuildFile; fileRef = 89E813E6288AD0B9005A69EF /* SearchBar.swift */; };
		89E813E9288AD25D005A69EF /* ExploreItemView.swift in Sources */ = {isa = PBXBuildFile; fileRef = 89E813E8288AD25D005A69EF /* ExploreItemView.swift */; };
		89E813EF288AF3F8005A69EF /* DateManager.swift in Sources */ = {isa = PBXBuildFile; fileRef = 89E813EE288AF3F8005A69EF /* DateManager.swift */; };
		89E813F4288B09EF005A69EF /* CartView.swift in Sources */ = {isa = PBXBuildFile; fileRef = 89E813F3288B09EF005A69EF /* CartView.swift */; };
		89E813F7288B0A03005A69EF /* CartViewModel.swift in Sources */ = {isa = PBXBuildFile; fileRef = 89E813F6288B0A03005A69EF /* CartViewModel.swift */; };
		89E813FA288B215E005A69EF /* Introspect in Frameworks */ = {isa = PBXBuildFile; productRef = 89E813F9288B215E005A69EF /* Introspect */; };
		89E813FD288CB811005A69EF /* CartButton.swift in Sources */ = {isa = PBXBuildFile; fileRef = 89E813FC288CB811005A69EF /* CartButton.swift */; };
		89E813FF288CBA9D005A69EF /* Product.swift in Sources */ = {isa = PBXBuildFile; fileRef = 89E813FE288CBA9D005A69EF /* Product.swift */; };
		89E81401288CC7F5005A69EF /* ProductRowView.swift in Sources */ = {isa = PBXBuildFile; fileRef = 89E81400288CC7F5005A69EF /* ProductRowView.swift */; };
		89E81404288CCC90005A69EF /* PaymentButton.swift in Sources */ = {isa = PBXBuildFile; fileRef = 89E81403288CCC90005A69EF /* PaymentButton.swift */; };
/* End PBXBuildFile section */

/* Begin PBXContainerItemProxy section */
		8900CB792885F8B0007DDE9F /* PBXContainerItemProxy */ = {
			isa = PBXContainerItemProxy;
			containerPortal = 8900CB5F2885F8AE007DDE9F /* Project object */;
			proxyType = 1;
			remoteGlobalIDString = 8900CB6A2885F8B0007DDE9F;
			remoteInfo = "Locale (iOS)";
		};
		8900CB852885F8B0007DDE9F /* PBXContainerItemProxy */ = {
			isa = PBXContainerItemProxy;
			containerPortal = 8900CB5F2885F8AE007DDE9F /* Project object */;
			proxyType = 1;
			remoteGlobalIDString = 8900CB702885F8B0007DDE9F;
			remoteInfo = "Locale (macOS)";
		};
/* End PBXContainerItemProxy section */

/* Begin PBXFileReference section */
		8900CB642885F8AE007DDE9F /* LocaleApp.swift */ = {isa = PBXFileReference; lastKnownFileType = sourcecode.swift; path = LocaleApp.swift; sourceTree = "<group>"; };
		8900CB652885F8AE007DDE9F /* ContentView.swift */ = {isa = PBXFileReference; lastKnownFileType = sourcecode.swift; path = ContentView.swift; sourceTree = "<group>"; };
		8900CB662885F8B0007DDE9F /* Assets.xcassets */ = {isa = PBXFileReference; lastKnownFileType = folder.assetcatalog; path = Assets.xcassets; sourceTree = "<group>"; };
		8900CB6B2885F8B0007DDE9F /* Locale.app */ = {isa = PBXFileReference; explicitFileType = wrapper.application; includeInIndex = 0; path = Locale.app; sourceTree = BUILT_PRODUCTS_DIR; };
		8900CB712885F8B0007DDE9F /* Locale.app */ = {isa = PBXFileReference; explicitFileType = wrapper.application; includeInIndex = 0; path = Locale.app; sourceTree = BUILT_PRODUCTS_DIR; };
		8900CB732885F8B0007DDE9F /* macOS.entitlements */ = {isa = PBXFileReference; lastKnownFileType = text.plist.entitlements; path = macOS.entitlements; sourceTree = "<group>"; };
		8900CB782885F8B0007DDE9F /* Tests iOS.xctest */ = {isa = PBXFileReference; explicitFileType = wrapper.cfbundle; includeInIndex = 0; path = "Tests iOS.xctest"; sourceTree = BUILT_PRODUCTS_DIR; };
		8900CB7C2885F8B0007DDE9F /* Tests_iOS.swift */ = {isa = PBXFileReference; lastKnownFileType = sourcecode.swift; path = Tests_iOS.swift; sourceTree = "<group>"; };
		8900CB7E2885F8B0007DDE9F /* Tests_iOSLaunchTests.swift */ = {isa = PBXFileReference; lastKnownFileType = sourcecode.swift; path = Tests_iOSLaunchTests.swift; sourceTree = "<group>"; };
		8900CB842885F8B0007DDE9F /* Tests macOS.xctest */ = {isa = PBXFileReference; explicitFileType = wrapper.cfbundle; includeInIndex = 0; path = "Tests macOS.xctest"; sourceTree = BUILT_PRODUCTS_DIR; };
		8900CB882885F8B0007DDE9F /* Tests_macOS.swift */ = {isa = PBXFileReference; lastKnownFileType = sourcecode.swift; path = Tests_macOS.swift; sourceTree = "<group>"; };
		8900CB8A2885F8B0007DDE9F /* Tests_macOSLaunchTests.swift */ = {isa = PBXFileReference; lastKnownFileType = sourcecode.swift; path = Tests_macOSLaunchTests.swift; sourceTree = "<group>"; };
		8900CBA92885FAA7007DDE9F /* LogInView.swift */ = {isa = PBXFileReference; lastKnownFileType = sourcecode.swift; path = LogInView.swift; sourceTree = "<group>"; };
		8900CBAB2885FACF007DDE9F /* AuthViewModel.swift */ = {isa = PBXFileReference; lastKnownFileType = sourcecode.swift; path = AuthViewModel.swift; sourceTree = "<group>"; };
		8900CBB62885FBC3007DDE9F /* GoogleService-Info.plist */ = {isa = PBXFileReference; lastKnownFileType = text.plist; path = "GoogleService-Info.plist"; sourceTree = SOURCE_ROOT; };
		8900CBB92885FC07007DDE9F /* AuthHeaderView.swift */ = {isa = PBXFileReference; lastKnownFileType = sourcecode.swift; path = AuthHeaderView.swift; sourceTree = "<group>"; };
		8900CBBB2885FC48007DDE9F /* UserService.swift */ = {isa = PBXFileReference; lastKnownFileType = sourcecode.swift; path = UserService.swift; sourceTree = "<group>"; };
		8900CBBD2885FCB3007DDE9F /* RegistrationView.swift */ = {isa = PBXFileReference; lastKnownFileType = sourcecode.swift; path = RegistrationView.swift; sourceTree = "<group>"; };
		8900CBBF2885FCF3007DDE9F /* CustomInputField.swift */ = {isa = PBXFileReference; lastKnownFileType = sourcecode.swift; path = CustomInputField.swift; sourceTree = "<group>"; };
		8900CBC42885FE82007DDE9F /* User.swift */ = {isa = PBXFileReference; lastKnownFileType = sourcecode.swift; path = User.swift; sourceTree = "<group>"; };
		8900CBC72885FEC5007DDE9F /* RoundedShape.swift */ = {isa = PBXFileReference; lastKnownFileType = sourcecode.swift; path = RoundedShape.swift; sourceTree = "<group>"; };
		8900CBCC288615A8007DDE9F /* MainTabView.swift */ = {isa = PBXFileReference; lastKnownFileType = sourcecode.swift; path = MainTabView.swift; sourceTree = "<group>"; };
		8900CBD228861605007DDE9F /* FeedView.swift */ = {isa = PBXFileReference; lastKnownFileType = sourcecode.swift; path = FeedView.swift; sourceTree = "<group>"; };
		8900CBD428861617007DDE9F /* FeedViewModel.swift */ = {isa = PBXFileReference; lastKnownFileType = sourcecode.swift; path = FeedViewModel.swift; sourceTree = "<group>"; };
		8900CBD928861812007DDE9F /* OrdersView.swift */ = {isa = PBXFileReference; lastKnownFileType = sourcecode.swift; path = OrdersView.swift; sourceTree = "<group>"; };
		8900CBDB2886181E007DDE9F /* AccountView.swift */ = {isa = PBXFileReference; lastKnownFileType = sourcecode.swift; path = AccountView.swift; sourceTree = "<group>"; };
		8900CBDD28861826007DDE9F /* ExploreView.swift */ = {isa = PBXFileReference; lastKnownFileType = sourcecode.swift; path = ExploreView.swift; sourceTree = "<group>"; };
		89121E9D2891796D00E1F3E5 /* Client.swift */ = {isa = PBXFileReference; lastKnownFileType = sourcecode.swift; path = Client.swift; sourceTree = "<group>"; };
		89121E9F2898347100E1F3E5 /* ExploreViewModel.swift */ = {isa = PBXFileReference; lastKnownFileType = sourcecode.swift; path = ExploreViewModel.swift; sourceTree = "<group>"; };
		89121EA128983EC500E1F3E5 /* ProductService.swift */ = {isa = PBXFileReference; lastKnownFileType = sourcecode.swift; path = ProductService.swift; sourceTree = "<group>"; };
		89E2CE7528864F9D008D4CE4 /* Exec-Corners-Medium.ttf */ = {isa = PBXFileReference; lastKnownFileType = file; path = "Exec-Corners-Medium.ttf"; sourceTree = "<group>"; };
		89E2CE782886501F008D4CE4 /* FontsManager.swift */ = {isa = PBXFileReference; lastKnownFileType = sourcecode.swift; path = FontsManager.swift; sourceTree = "<group>"; };
		89E2CE7B28865249008D4CE4 /* Trebuchet MS Bold.ttf */ = {isa = PBXFileReference; lastKnownFileType = file; name = "Trebuchet MS Bold.ttf"; path = "../../../../../../System/Library/Fonts/Supplemental/Trebuchet MS Bold.ttf"; sourceTree = "<group>"; };
		89E2CE7E2886525B008D4CE4 /* Trebuchet MS.ttf */ = {isa = PBXFileReference; lastKnownFileType = file; name = "Trebuchet MS.ttf"; path = "../../../../../../System/Library/Fonts/Supplemental/Trebuchet MS.ttf"; sourceTree = "<group>"; };
		89E813D7288A0378005A69EF /* FeedItemView.swift */ = {isa = PBXFileReference; lastKnownFileType = sourcecode.swift; path = FeedItemView.swift; sourceTree = "<group>"; };
		89E813DF288A0A57005A69EF /* AddItemView.swift */ = {isa = PBXFileReference; lastKnownFileType = sourcecode.swift; path = AddItemView.swift; sourceTree = "<group>"; };
		89E813E1288A0CA9005A69EF /* ColorManager.swift */ = {isa = PBXFileReference; lastKnownFileType = sourcecode.swift; path = ColorManager.swift; sourceTree = "<group>"; };
		89E813E6288AD0B9005A69EF /* SearchBar.swift */ = {isa = PBXFileReference; lastKnownFileType = sourcecode.swift; path = SearchBar.swift; sourceTree = "<group>"; };
		89E813E8288AD25D005A69EF /* ExploreItemView.swift */ = {isa = PBXFileReference; lastKnownFileType = sourcecode.swift; path = ExploreItemView.swift; sourceTree = "<group>"; };
		89E813EE288AF3F8005A69EF /* DateManager.swift */ = {isa = PBXFileReference; lastKnownFileType = sourcecode.swift; path = DateManager.swift; sourceTree = "<group>"; };
		89E813F3288B09EF005A69EF /* CartView.swift */ = {isa = PBXFileReference; lastKnownFileType = sourcecode.swift; path = CartView.swift; sourceTree = "<group>"; };
		89E813F6288B0A03005A69EF /* CartViewModel.swift */ = {isa = PBXFileReference; lastKnownFileType = sourcecode.swift; path = CartViewModel.swift; sourceTree = "<group>"; };
		89E813FC288CB811005A69EF /* CartButton.swift */ = {isa = PBXFileReference; lastKnownFileType = sourcecode.swift; path = CartButton.swift; sourceTree = "<group>"; };
		89E813FE288CBA9D005A69EF /* Product.swift */ = {isa = PBXFileReference; lastKnownFileType = sourcecode.swift; path = Product.swift; sourceTree = "<group>"; };
		89E81400288CC7F5005A69EF /* ProductRowView.swift */ = {isa = PBXFileReference; lastKnownFileType = sourcecode.swift; path = ProductRowView.swift; sourceTree = "<group>"; };
		89E81403288CCC90005A69EF /* PaymentButton.swift */ = {isa = PBXFileReference; lastKnownFileType = sourcecode.swift; path = PaymentButton.swift; sourceTree = "<group>"; };
/* End PBXFileReference section */

/* Begin PBXFrameworksBuildPhase section */
		8900CB682885F8B0007DDE9F /* Frameworks */ = {
			isa = PBXFrameworksBuildPhase;
			buildActionMask = 2147483647;
			files = (
				8900CBAF2885FB3F007DDE9F /* FirebaseAuth in Frameworks */,
				89E813FA288B215E005A69EF /* Introspect in Frameworks */,
				8900CBB52885FB3F007DDE9F /* FirebaseStorage in Frameworks */,
				8900CBB12885FB3F007DDE9F /* FirebaseFirestore in Frameworks */,
				8900CBB32885FB3F007DDE9F /* FirebaseFirestoreSwift in Frameworks */,
				8900CBC32885FD65007DDE9F /* Kingfisher in Frameworks */,
			);
			runOnlyForDeploymentPostprocessing = 0;
		};
		8900CB6E2885F8B0007DDE9F /* Frameworks */ = {
			isa = PBXFrameworksBuildPhase;
			buildActionMask = 2147483647;
			files = (
			);
			runOnlyForDeploymentPostprocessing = 0;
		};
		8900CB752885F8B0007DDE9F /* Frameworks */ = {
			isa = PBXFrameworksBuildPhase;
			buildActionMask = 2147483647;
			files = (
			);
			runOnlyForDeploymentPostprocessing = 0;
		};
		8900CB812885F8B0007DDE9F /* Frameworks */ = {
			isa = PBXFrameworksBuildPhase;
			buildActionMask = 2147483647;
			files = (
			);
			runOnlyForDeploymentPostprocessing = 0;
		};
/* End PBXFrameworksBuildPhase section */

/* Begin PBXGroup section */
		8900CB5E2885F8AE007DDE9F = {
			isa = PBXGroup;
			children = (
				8900CB632885F8AE007DDE9F /* Shared */,
				8900CB722885F8B0007DDE9F /* macOS */,
				8900CB7B2885F8B0007DDE9F /* Tests iOS */,
				8900CB872885F8B0007DDE9F /* Tests macOS */,
				8900CB6C2885F8B0007DDE9F /* Products */,
			);
			sourceTree = "<group>";
		};
		8900CB632885F8AE007DDE9F /* Shared */ = {
			isa = PBXGroup;
			children = (
				89E2CE7428864F98008D4CE4 /* Fonts */,
				8900CBA42885FA37007DDE9F /* Utils */,
				8900CBA32885FA32007DDE9F /* Service */,
				8900CBA22885FA2C007DDE9F /* Model */,
				8900CBA12885FA27007DDE9F /* Extensions */,
				8900CBA02885FA1B007DDE9F /* Core */,
				8900CB642885F8AE007DDE9F /* LocaleApp.swift */,
				8900CB652885F8AE007DDE9F /* ContentView.swift */,
				8900CB662885F8B0007DDE9F /* Assets.xcassets */,
				8900CBB62885FBC3007DDE9F /* GoogleService-Info.plist */,
			);
			path = Shared;
			sourceTree = "<group>";
		};
		8900CB6C2885F8B0007DDE9F /* Products */ = {
			isa = PBXGroup;
			children = (
				8900CB6B2885F8B0007DDE9F /* Locale.app */,
				8900CB712885F8B0007DDE9F /* Locale.app */,
				8900CB782885F8B0007DDE9F /* Tests iOS.xctest */,
				8900CB842885F8B0007DDE9F /* Tests macOS.xctest */,
			);
			name = Products;
			sourceTree = "<group>";
		};
		8900CB722885F8B0007DDE9F /* macOS */ = {
			isa = PBXGroup;
			children = (
				8900CB732885F8B0007DDE9F /* macOS.entitlements */,
			);
			path = macOS;
			sourceTree = "<group>";
		};
		8900CB7B2885F8B0007DDE9F /* Tests iOS */ = {
			isa = PBXGroup;
			children = (
				8900CB7C2885F8B0007DDE9F /* Tests_iOS.swift */,
				8900CB7E2885F8B0007DDE9F /* Tests_iOSLaunchTests.swift */,
			);
			path = "Tests iOS";
			sourceTree = "<group>";
		};
		8900CB872885F8B0007DDE9F /* Tests macOS */ = {
			isa = PBXGroup;
			children = (
				8900CB882885F8B0007DDE9F /* Tests_macOS.swift */,
				8900CB8A2885F8B0007DDE9F /* Tests_macOSLaunchTests.swift */,
			);
			path = "Tests macOS";
			sourceTree = "<group>";
		};
		8900CBA02885FA1B007DDE9F /* Core */ = {
			isa = PBXGroup;
			children = (
				89E813F0288B09D8005A69EF /* Cart */,
				89E813DA288A09F0005A69EF /* AddItem */,
				8900CBD8288617FC007DDE9F /* Orders */,
				8900CBD7288617E6007DDE9F /* Account */,
				8900CBD6288617E0007DDE9F /* Explore */,
				8900CBCE288615CA007DDE9F /* Feed */,
				8900CBCB2886158C007DDE9F /* MainTab */,
				8900CBA62885FA53007DDE9F /* Components */,
				8900CBA52885FA3E007DDE9F /* Authentication */,
			);
			path = Core;
			sourceTree = "<group>";
		};
		8900CBA12885FA27007DDE9F /* Extensions */ = {
			isa = PBXGroup;
			children = (
			);
			path = Extensions;
			sourceTree = "<group>";
		};
		8900CBA22885FA2C007DDE9F /* Model */ = {
			isa = PBXGroup;
			children = (
				8900CBC42885FE82007DDE9F /* User.swift */,
				89E813FE288CBA9D005A69EF /* Product.swift */,
				89121E9D2891796D00E1F3E5 /* Client.swift */,
			);
			path = Model;
			sourceTree = "<group>";
		};
		8900CBA32885FA32007DDE9F /* Service */ = {
			isa = PBXGroup;
			children = (
				8900CBBB2885FC48007DDE9F /* UserService.swift */,
				89121EA128983EC500E1F3E5 /* ProductService.swift */,
			);
			path = Service;
			sourceTree = "<group>";
		};
		8900CBA42885FA37007DDE9F /* Utils */ = {
			isa = PBXGroup;
			children = (
				8900CBC72885FEC5007DDE9F /* RoundedShape.swift */,
				89E813E1288A0CA9005A69EF /* ColorManager.swift */,
				89E813EE288AF3F8005A69EF /* DateManager.swift */,
			);
			path = Utils;
			sourceTree = "<group>";
		};
		8900CBA52885FA3E007DDE9F /* Authentication */ = {
			isa = PBXGroup;
			children = (
				8900CBA82885FA73007DDE9F /* ViewModel */,
				8900CBA72885FA6E007DDE9F /* Views */,
			);
			path = Authentication;
			sourceTree = "<group>";
		};
		8900CBA62885FA53007DDE9F /* Components */ = {
			isa = PBXGroup;
			children = (
				89E81402288CCC81005A69EF /* Payment */,
				89E813FB288CB806005A69EF /* Cart */,
				89E813E5288AD0A7005A69EF /* Search */,
				8900CBB82885FBF5007DDE9F /* Auth */,
			);
			path = Components;
			sourceTree = "<group>";
		};
		8900CBA72885FA6E007DDE9F /* Views */ = {
			isa = PBXGroup;
			children = (
				8900CBA92885FAA7007DDE9F /* LogInView.swift */,
				8900CBBD2885FCB3007DDE9F /* RegistrationView.swift */,
			);
			path = Views;
			sourceTree = "<group>";
		};
		8900CBA82885FA73007DDE9F /* ViewModel */ = {
			isa = PBXGroup;
			children = (
				8900CBAB2885FACF007DDE9F /* AuthViewModel.swift */,
			);
			path = ViewModel;
			sourceTree = "<group>";
		};
		8900CBB82885FBF5007DDE9F /* Auth */ = {
			isa = PBXGroup;
			children = (
				8900CBB92885FC07007DDE9F /* AuthHeaderView.swift */,
				8900CBBF2885FCF3007DDE9F /* CustomInputField.swift */,
			);
			path = Auth;
			sourceTree = "<group>";
		};
		8900CBCB2886158C007DDE9F /* MainTab */ = {
			isa = PBXGroup;
			children = (
				8900CBCC288615A8007DDE9F /* MainTabView.swift */,
			);
			path = MainTab;
			sourceTree = "<group>";
		};
		8900CBCE288615CA007DDE9F /* Feed */ = {
			isa = PBXGroup;
			children = (
				8900CBD1288615EA007DDE9F /* Views */,
				8900CBD0288615E6007DDE9F /* ViewModels */,
			);
			path = Feed;
			sourceTree = "<group>";
		};
		8900CBD0288615E6007DDE9F /* ViewModels */ = {
			isa = PBXGroup;
			children = (
				8900CBD428861617007DDE9F /* FeedViewModel.swift */,
			);
			path = ViewModels;
			sourceTree = "<group>";
		};
		8900CBD1288615EA007DDE9F /* Views */ = {
			isa = PBXGroup;
			children = (
				8900CBD228861605007DDE9F /* FeedView.swift */,
				89E813D7288A0378005A69EF /* FeedItemView.swift */,
			);
			path = Views;
			sourceTree = "<group>";
		};
		8900CBD6288617E0007DDE9F /* Explore */ = {
			isa = PBXGroup;
			children = (
				89E813E4288AD076005A69EF /* ViewModels */,
				89E813E3288AD070005A69EF /* Views */,
			);
			path = Explore;
			sourceTree = "<group>";
		};
		8900CBD7288617E6007DDE9F /* Account */ = {
			isa = PBXGroup;
			children = (
				8900CBDB2886181E007DDE9F /* AccountView.swift */,
			);
			path = Account;
			sourceTree = "<group>";
		};
		8900CBD8288617FC007DDE9F /* Orders */ = {
			isa = PBXGroup;
			children = (
				8900CBD928861812007DDE9F /* OrdersView.swift */,
			);
			path = Orders;
			sourceTree = "<group>";
		};
		89E2CE7428864F98008D4CE4 /* Fonts */ = {
			isa = PBXGroup;
			children = (
				89E2CE7B28865249008D4CE4 /* Trebuchet MS Bold.ttf */,
				89E2CE7E2886525B008D4CE4 /* Trebuchet MS.ttf */,
				89E2CE7528864F9D008D4CE4 /* Exec-Corners-Medium.ttf */,
				89E2CE782886501F008D4CE4 /* FontsManager.swift */,
			);
			path = Fonts;
			sourceTree = "<group>";
		};
		89E813DA288A09F0005A69EF /* AddItem */ = {
			isa = PBXGroup;
			children = (
				89E813DC288A09FE005A69EF /* ViewModels */,
				89E813DB288A09FA005A69EF /* Views */,
			);
			path = AddItem;
			sourceTree = "<group>";
		};
		89E813DB288A09FA005A69EF /* Views */ = {
			isa = PBXGroup;
			children = (
				89E813DF288A0A57005A69EF /* AddItemView.swift */,
			);
			path = Views;
			sourceTree = "<group>";
		};
		89E813DC288A09FE005A69EF /* ViewModels */ = {
			isa = PBXGroup;
			children = (
			);
			path = ViewModels;
			sourceTree = "<group>";
		};
		89E813E3288AD070005A69EF /* Views */ = {
			isa = PBXGroup;
			children = (
				8900CBDD28861826007DDE9F /* ExploreView.swift */,
				89E813E8288AD25D005A69EF /* ExploreItemView.swift */,
			);
			path = Views;
			sourceTree = "<group>";
		};
		89E813E4288AD076005A69EF /* ViewModels */ = {
			isa = PBXGroup;
			children = (
				89121E9F2898347100E1F3E5 /* ExploreViewModel.swift */,
			);
			path = ViewModels;
			sourceTree = "<group>";
		};
		89E813E5288AD0A7005A69EF /* Search */ = {
			isa = PBXGroup;
			children = (
				89E813E6288AD0B9005A69EF /* SearchBar.swift */,
			);
			path = Search;
			sourceTree = "<group>";
		};
		89E813F0288B09D8005A69EF /* Cart */ = {
			isa = PBXGroup;
			children = (
				89E813F2288B09E1005A69EF /* ViewModels */,
				89E813F1288B09DD005A69EF /* Views */,
			);
			path = Cart;
			sourceTree = "<group>";
		};
		89E813F1288B09DD005A69EF /* Views */ = {
			isa = PBXGroup;
			children = (
				89E813F3288B09EF005A69EF /* CartView.swift */,
				89E81400288CC7F5005A69EF /* ProductRowView.swift */,
			);
			path = Views;
			sourceTree = "<group>";
		};
		89E813F2288B09E1005A69EF /* ViewModels */ = {
			isa = PBXGroup;
			children = (
				89E813F6288B0A03005A69EF /* CartViewModel.swift */,
			);
			path = ViewModels;
			sourceTree = "<group>";
		};
		89E813FB288CB806005A69EF /* Cart */ = {
			isa = PBXGroup;
			children = (
				89E813FC288CB811005A69EF /* CartButton.swift */,
			);
			path = Cart;
			sourceTree = "<group>";
		};
		89E81402288CCC81005A69EF /* Payment */ = {
			isa = PBXGroup;
			children = (
				89E81403288CCC90005A69EF /* PaymentButton.swift */,
			);
			path = Payment;
			sourceTree = "<group>";
		};
/* End PBXGroup section */

/* Begin PBXNativeTarget section */
		8900CB6A2885F8B0007DDE9F /* Locale (iOS) */ = {
			isa = PBXNativeTarget;
			buildConfigurationList = 8900CB942885F8B0007DDE9F /* Build configuration list for PBXNativeTarget "Locale (iOS)" */;
			buildPhases = (
				8900CB672885F8B0007DDE9F /* Sources */,
				8900CB682885F8B0007DDE9F /* Frameworks */,
				8900CB692885F8B0007DDE9F /* Resources */,
			);
			buildRules = (
			);
			dependencies = (
			);
			name = "Locale (iOS)";
			packageProductDependencies = (
				8900CBAE2885FB3F007DDE9F /* FirebaseAuth */,
				8900CBB02885FB3F007DDE9F /* FirebaseFirestore */,
				8900CBB22885FB3F007DDE9F /* FirebaseFirestoreSwift */,
				8900CBB42885FB3F007DDE9F /* FirebaseStorage */,
				8900CBC22885FD65007DDE9F /* Kingfisher */,
				89E813F9288B215E005A69EF /* Introspect */,
			);
			productName = "Locale (iOS)";
			productReference = 8900CB6B2885F8B0007DDE9F /* Locale.app */;
			productType = "com.apple.product-type.application";
		};
		8900CB702885F8B0007DDE9F /* Locale (macOS) */ = {
			isa = PBXNativeTarget;
			buildConfigurationList = 8900CB972885F8B0007DDE9F /* Build configuration list for PBXNativeTarget "Locale (macOS)" */;
			buildPhases = (
				8900CB6D2885F8B0007DDE9F /* Sources */,
				8900CB6E2885F8B0007DDE9F /* Frameworks */,
				8900CB6F2885F8B0007DDE9F /* Resources */,
			);
			buildRules = (
			);
			dependencies = (
			);
			name = "Locale (macOS)";
			productName = "Locale (macOS)";
			productReference = 8900CB712885F8B0007DDE9F /* Locale.app */;
			productType = "com.apple.product-type.application";
		};
		8900CB772885F8B0007DDE9F /* Tests iOS */ = {
			isa = PBXNativeTarget;
			buildConfigurationList = 8900CB9A2885F8B0007DDE9F /* Build configuration list for PBXNativeTarget "Tests iOS" */;
			buildPhases = (
				8900CB742885F8B0007DDE9F /* Sources */,
				8900CB752885F8B0007DDE9F /* Frameworks */,
				8900CB762885F8B0007DDE9F /* Resources */,
			);
			buildRules = (
			);
			dependencies = (
				8900CB7A2885F8B0007DDE9F /* PBXTargetDependency */,
			);
			name = "Tests iOS";
			productName = "Tests iOS";
			productReference = 8900CB782885F8B0007DDE9F /* Tests iOS.xctest */;
			productType = "com.apple.product-type.bundle.ui-testing";
		};
		8900CB832885F8B0007DDE9F /* Tests macOS */ = {
			isa = PBXNativeTarget;
			buildConfigurationList = 8900CB9D2885F8B0007DDE9F /* Build configuration list for PBXNativeTarget "Tests macOS" */;
			buildPhases = (
				8900CB802885F8B0007DDE9F /* Sources */,
				8900CB812885F8B0007DDE9F /* Frameworks */,
				8900CB822885F8B0007DDE9F /* Resources */,
			);
			buildRules = (
			);
			dependencies = (
				8900CB862885F8B0007DDE9F /* PBXTargetDependency */,
			);
			name = "Tests macOS";
			productName = "Tests macOS";
			productReference = 8900CB842885F8B0007DDE9F /* Tests macOS.xctest */;
			productType = "com.apple.product-type.bundle.ui-testing";
		};
/* End PBXNativeTarget section */

/* Begin PBXProject section */
		8900CB5F2885F8AE007DDE9F /* Project object */ = {
			isa = PBXProject;
			attributes = {
				BuildIndependentTargetsInParallel = 1;
				LastSwiftUpdateCheck = 1340;
				LastUpgradeCheck = 1340;
				TargetAttributes = {
					8900CB6A2885F8B0007DDE9F = {
						CreatedOnToolsVersion = 13.4.1;
					};
					8900CB702885F8B0007DDE9F = {
						CreatedOnToolsVersion = 13.4.1;
					};
					8900CB772885F8B0007DDE9F = {
						CreatedOnToolsVersion = 13.4.1;
						TestTargetID = 8900CB6A2885F8B0007DDE9F;
					};
					8900CB832885F8B0007DDE9F = {
						CreatedOnToolsVersion = 13.4.1;
						TestTargetID = 8900CB702885F8B0007DDE9F;
					};
				};
			};
			buildConfigurationList = 8900CB622885F8AE007DDE9F /* Build configuration list for PBXProject "Locale" */;
			compatibilityVersion = "Xcode 13.0";
			developmentRegion = en;
			hasScannedForEncodings = 0;
			knownRegions = (
				en,
				Base,
			);
			mainGroup = 8900CB5E2885F8AE007DDE9F;
			packageReferences = (
				8900CBAD2885FB3F007DDE9F /* XCRemoteSwiftPackageReference "firebase-ios-sdk" */,
				8900CBC12885FD65007DDE9F /* XCRemoteSwiftPackageReference "Kingfisher" */,
				89E813F8288B215E005A69EF /* XCRemoteSwiftPackageReference "SwiftUI-Introspect" */,
			);
			productRefGroup = 8900CB6C2885F8B0007DDE9F /* Products */;
			projectDirPath = "";
			projectRoot = "";
			targets = (
				8900CB6A2885F8B0007DDE9F /* Locale (iOS) */,
				8900CB702885F8B0007DDE9F /* Locale (macOS) */,
				8900CB772885F8B0007DDE9F /* Tests iOS */,
				8900CB832885F8B0007DDE9F /* Tests macOS */,
			);
		};
/* End PBXProject section */

/* Begin PBXResourcesBuildPhase section */
		8900CB692885F8B0007DDE9F /* Resources */ = {
			isa = PBXResourcesBuildPhase;
			buildActionMask = 2147483647;
			files = (
				89E2CE7C28865249008D4CE4 /* Trebuchet MS Bold.ttf in Resources */,
				8900CB902885F8B0007DDE9F /* Assets.xcassets in Resources */,
				8900CBB72885FBC3007DDE9F /* GoogleService-Info.plist in Resources */,
				89E2CE7F2886525B008D4CE4 /* Trebuchet MS.ttf in Resources */,
				89E2CE7628864FA1008D4CE4 /* Exec-Corners-Medium.ttf in Resources */,
			);
			runOnlyForDeploymentPostprocessing = 0;
		};
		8900CB6F2885F8B0007DDE9F /* Resources */ = {
			isa = PBXResourcesBuildPhase;
			buildActionMask = 2147483647;
			files = (
				89E2CE7D28865249008D4CE4 /* Trebuchet MS Bold.ttf in Resources */,
				8900CB912885F8B0007DDE9F /* Assets.xcassets in Resources */,
				89C81DDE2886346B00901D3B /* GoogleService-Info.plist in Resources */,
				89E2CE802886525B008D4CE4 /* Trebuchet MS.ttf in Resources */,
				89E2CE7728864FA1008D4CE4 /* Exec-Corners-Medium.ttf in Resources */,
			);
			runOnlyForDeploymentPostprocessing = 0;
		};
		8900CB762885F8B0007DDE9F /* Resources */ = {
			isa = PBXResourcesBuildPhase;
			buildActionMask = 2147483647;
			files = (
			);
			runOnlyForDeploymentPostprocessing = 0;
		};
		8900CB822885F8B0007DDE9F /* Resources */ = {
			isa = PBXResourcesBuildPhase;
			buildActionMask = 2147483647;
			files = (
			);
			runOnlyForDeploymentPostprocessing = 0;
		};
/* End PBXResourcesBuildPhase section */

/* Begin PBXSourcesBuildPhase section */
		8900CB672885F8B0007DDE9F /* Sources */ = {
			isa = PBXSourcesBuildPhase;
			buildActionMask = 2147483647;
			files = (
				89E813EF288AF3F8005A69EF /* DateManager.swift in Sources */,
				89121EA228983EC500E1F3E5 /* ProductService.swift in Sources */,
				8900CBC02885FCF3007DDE9F /* CustomInputField.swift in Sources */,
				89E813E9288AD25D005A69EF /* ExploreItemView.swift in Sources */,
				89E81401288CC7F5005A69EF /* ProductRowView.swift in Sources */,
				8900CBAC2885FACF007DDE9F /* AuthViewModel.swift in Sources */,
				8900CBAA2885FAA7007DDE9F /* LogInView.swift in Sources */,
				89E81404288CCC90005A69EF /* PaymentButton.swift in Sources */,
				8900CBBC2885FC48007DDE9F /* UserService.swift in Sources */,
				89121E9E2891796D00E1F3E5 /* Client.swift in Sources */,
				89E813F4288B09EF005A69EF /* CartView.swift in Sources */,
				8900CBD328861605007DDE9F /* FeedView.swift in Sources */,
				8900CBBE2885FCB3007DDE9F /* RegistrationView.swift in Sources */,
				8900CBDE28861826007DDE9F /* ExploreView.swift in Sources */,
				89E813D8288A0378005A69EF /* FeedItemView.swift in Sources */,
				8900CBCD288615A8007DDE9F /* MainTabView.swift in Sources */,
				89E813E0288A0A57005A69EF /* AddItemView.swift in Sources */,
				89E2CE792886501F008D4CE4 /* FontsManager.swift in Sources */,
				89E813E2288A0CA9005A69EF /* ColorManager.swift in Sources */,
				89E813FD288CB811005A69EF /* CartButton.swift in Sources */,
				8900CBDA28861812007DDE9F /* OrdersView.swift in Sources */,
				89E813F7288B0A03005A69EF /* CartViewModel.swift in Sources */,
				8900CBC82885FEC5007DDE9F /* RoundedShape.swift in Sources */,
				89121EA02898347100E1F3E5 /* ExploreViewModel.swift in Sources */,
				89E813E7288AD0B9005A69EF /* SearchBar.swift in Sources */,
				89E813FF288CBA9D005A69EF /* Product.swift in Sources */,
				8900CBDC2886181E007DDE9F /* AccountView.swift in Sources */,
				8900CBC52885FE82007DDE9F /* User.swift in Sources */,
				8900CB8E2885F8B0007DDE9F /* ContentView.swift in Sources */,
				8900CBBA2885FC07007DDE9F /* AuthHeaderView.swift in Sources */,
				8900CB8C2885F8B0007DDE9F /* LocaleApp.swift in Sources */,
				8900CBD528861617007DDE9F /* FeedViewModel.swift in Sources */,
			);
			runOnlyForDeploymentPostprocessing = 0;
		};
		8900CB6D2885F8B0007DDE9F /* Sources */ = {
			isa = PBXSourcesBuildPhase;
			buildActionMask = 2147483647;
			files = (
				89E2CE7A2886501F008D4CE4 /* FontsManager.swift in Sources */,
				8900CB8F2885F8B0007DDE9F /* ContentView.swift in Sources */,
				8900CB8D2885F8B0007DDE9F /* LocaleApp.swift in Sources */,
			);
			runOnlyForDeploymentPostprocessing = 0;
		};
		8900CB742885F8B0007DDE9F /* Sources */ = {
			isa = PBXSourcesBuildPhase;
			buildActionMask = 2147483647;
			files = (
				8900CB7F2885F8B0007DDE9F /* Tests_iOSLaunchTests.swift in Sources */,
				8900CB7D2885F8B0007DDE9F /* Tests_iOS.swift in Sources */,
			);
			runOnlyForDeploymentPostprocessing = 0;
		};
		8900CB802885F8B0007DDE9F /* Sources */ = {
			isa = PBXSourcesBuildPhase;
			buildActionMask = 2147483647;
			files = (
				8900CB8B2885F8B0007DDE9F /* Tests_macOSLaunchTests.swift in Sources */,
				8900CB892885F8B0007DDE9F /* Tests_macOS.swift in Sources */,
			);
			runOnlyForDeploymentPostprocessing = 0;
		};
/* End PBXSourcesBuildPhase section */

/* Begin PBXTargetDependency section */
		8900CB7A2885F8B0007DDE9F /* PBXTargetDependency */ = {
			isa = PBXTargetDependency;
			target = 8900CB6A2885F8B0007DDE9F /* Locale (iOS) */;
			targetProxy = 8900CB792885F8B0007DDE9F /* PBXContainerItemProxy */;
		};
		8900CB862885F8B0007DDE9F /* PBXTargetDependency */ = {
			isa = PBXTargetDependency;
			target = 8900CB702885F8B0007DDE9F /* Locale (macOS) */;
			targetProxy = 8900CB852885F8B0007DDE9F /* PBXContainerItemProxy */;
		};
/* End PBXTargetDependency section */

/* Begin XCBuildConfiguration section */
		8900CB922885F8B0007DDE9F /* Debug */ = {
			isa = XCBuildConfiguration;
			buildSettings = {
				ALWAYS_SEARCH_USER_PATHS = NO;
				CLANG_ANALYZER_NONNULL = YES;
				CLANG_ANALYZER_NUMBER_OBJECT_CONVERSION = YES_AGGRESSIVE;
				CLANG_CXX_LANGUAGE_STANDARD = "gnu++17";
				CLANG_ENABLE_MODULES = YES;
				CLANG_ENABLE_OBJC_ARC = YES;
				CLANG_ENABLE_OBJC_WEAK = YES;
				CLANG_WARN_BLOCK_CAPTURE_AUTORELEASING = YES;
				CLANG_WARN_BOOL_CONVERSION = YES;
				CLANG_WARN_COMMA = YES;
				CLANG_WARN_CONSTANT_CONVERSION = YES;
				CLANG_WARN_DEPRECATED_OBJC_IMPLEMENTATIONS = YES;
				CLANG_WARN_DIRECT_OBJC_ISA_USAGE = YES_ERROR;
				CLANG_WARN_DOCUMENTATION_COMMENTS = YES;
				CLANG_WARN_EMPTY_BODY = YES;
				CLANG_WARN_ENUM_CONVERSION = YES;
				CLANG_WARN_INFINITE_RECURSION = YES;
				CLANG_WARN_INT_CONVERSION = YES;
				CLANG_WARN_NON_LITERAL_NULL_CONVERSION = YES;
				CLANG_WARN_OBJC_IMPLICIT_RETAIN_SELF = YES;
				CLANG_WARN_OBJC_LITERAL_CONVERSION = YES;
				CLANG_WARN_OBJC_ROOT_CLASS = YES_ERROR;
				CLANG_WARN_QUOTED_INCLUDE_IN_FRAMEWORK_HEADER = YES;
				CLANG_WARN_RANGE_LOOP_ANALYSIS = YES;
				CLANG_WARN_STRICT_PROTOTYPES = YES;
				CLANG_WARN_SUSPICIOUS_MOVE = YES;
				CLANG_WARN_UNGUARDED_AVAILABILITY = YES_AGGRESSIVE;
				CLANG_WARN_UNREACHABLE_CODE = YES;
				CLANG_WARN__DUPLICATE_METHOD_MATCH = YES;
				COPY_PHASE_STRIP = NO;
				DEBUG_INFORMATION_FORMAT = dwarf;
				ENABLE_STRICT_OBJC_MSGSEND = YES;
				ENABLE_TESTABILITY = YES;
				GCC_C_LANGUAGE_STANDARD = gnu11;
				GCC_DYNAMIC_NO_PIC = NO;
				GCC_NO_COMMON_BLOCKS = YES;
				GCC_OPTIMIZATION_LEVEL = 0;
				GCC_PREPROCESSOR_DEFINITIONS = (
					"DEBUG=1",
					"$(inherited)",
				);
				GCC_WARN_64_TO_32_BIT_CONVERSION = YES;
				GCC_WARN_ABOUT_RETURN_TYPE = YES_ERROR;
				GCC_WARN_UNDECLARED_SELECTOR = YES;
				GCC_WARN_UNINITIALIZED_AUTOS = YES_AGGRESSIVE;
				GCC_WARN_UNUSED_FUNCTION = YES;
				GCC_WARN_UNUSED_VARIABLE = YES;
				MTL_ENABLE_DEBUG_INFO = INCLUDE_SOURCE;
				MTL_FAST_MATH = YES;
				ONLY_ACTIVE_ARCH = YES;
				SWIFT_ACTIVE_COMPILATION_CONDITIONS = DEBUG;
				SWIFT_OPTIMIZATION_LEVEL = "-Onone";
			};
			name = Debug;
		};
		8900CB932885F8B0007DDE9F /* Release */ = {
			isa = XCBuildConfiguration;
			buildSettings = {
				ALWAYS_SEARCH_USER_PATHS = NO;
				CLANG_ANALYZER_NONNULL = YES;
				CLANG_ANALYZER_NUMBER_OBJECT_CONVERSION = YES_AGGRESSIVE;
				CLANG_CXX_LANGUAGE_STANDARD = "gnu++17";
				CLANG_ENABLE_MODULES = YES;
				CLANG_ENABLE_OBJC_ARC = YES;
				CLANG_ENABLE_OBJC_WEAK = YES;
				CLANG_WARN_BLOCK_CAPTURE_AUTORELEASING = YES;
				CLANG_WARN_BOOL_CONVERSION = YES;
				CLANG_WARN_COMMA = YES;
				CLANG_WARN_CONSTANT_CONVERSION = YES;
				CLANG_WARN_DEPRECATED_OBJC_IMPLEMENTATIONS = YES;
				CLANG_WARN_DIRECT_OBJC_ISA_USAGE = YES_ERROR;
				CLANG_WARN_DOCUMENTATION_COMMENTS = YES;
				CLANG_WARN_EMPTY_BODY = YES;
				CLANG_WARN_ENUM_CONVERSION = YES;
				CLANG_WARN_INFINITE_RECURSION = YES;
				CLANG_WARN_INT_CONVERSION = YES;
				CLANG_WARN_NON_LITERAL_NULL_CONVERSION = YES;
				CLANG_WARN_OBJC_IMPLICIT_RETAIN_SELF = YES;
				CLANG_WARN_OBJC_LITERAL_CONVERSION = YES;
				CLANG_WARN_OBJC_ROOT_CLASS = YES_ERROR;
				CLANG_WARN_QUOTED_INCLUDE_IN_FRAMEWORK_HEADER = YES;
				CLANG_WARN_RANGE_LOOP_ANALYSIS = YES;
				CLANG_WARN_STRICT_PROTOTYPES = YES;
				CLANG_WARN_SUSPICIOUS_MOVE = YES;
				CLANG_WARN_UNGUARDED_AVAILABILITY = YES_AGGRESSIVE;
				CLANG_WARN_UNREACHABLE_CODE = YES;
				CLANG_WARN__DUPLICATE_METHOD_MATCH = YES;
				COPY_PHASE_STRIP = NO;
				DEBUG_INFORMATION_FORMAT = "dwarf-with-dsym";
				ENABLE_NS_ASSERTIONS = NO;
				ENABLE_STRICT_OBJC_MSGSEND = YES;
				GCC_C_LANGUAGE_STANDARD = gnu11;
				GCC_NO_COMMON_BLOCKS = YES;
				GCC_WARN_64_TO_32_BIT_CONVERSION = YES;
				GCC_WARN_ABOUT_RETURN_TYPE = YES_ERROR;
				GCC_WARN_UNDECLARED_SELECTOR = YES;
				GCC_WARN_UNINITIALIZED_AUTOS = YES_AGGRESSIVE;
				GCC_WARN_UNUSED_FUNCTION = YES;
				GCC_WARN_UNUSED_VARIABLE = YES;
				MTL_ENABLE_DEBUG_INFO = NO;
				MTL_FAST_MATH = YES;
				SWIFT_COMPILATION_MODE = wholemodule;
				SWIFT_OPTIMIZATION_LEVEL = "-O";
			};
			name = Release;
		};
		8900CB952885F8B0007DDE9F /* Debug */ = {
			isa = XCBuildConfiguration;
			buildSettings = {
				ASSETCATALOG_COMPILER_APPICON_NAME = AppIcon;
				ASSETCATALOG_COMPILER_GLOBAL_ACCENT_COLOR_NAME = AccentColor;
				CODE_SIGN_STYLE = Automatic;
				CURRENT_PROJECT_VERSION = 1;
				ENABLE_PREVIEWS = YES;
				GENERATE_INFOPLIST_FILE = YES;
				INFOPLIST_KEY_UIApplicationSceneManifest_Generation = YES;
				INFOPLIST_KEY_UIApplicationSupportsIndirectInputEvents = YES;
				INFOPLIST_KEY_UILaunchScreen_Generation = YES;
				INFOPLIST_KEY_UISupportedInterfaceOrientations_iPad = "UIInterfaceOrientationPortrait UIInterfaceOrientationPortraitUpsideDown UIInterfaceOrientationLandscapeLeft UIInterfaceOrientationLandscapeRight";
				INFOPLIST_KEY_UISupportedInterfaceOrientations_iPhone = "UIInterfaceOrientationPortrait UIInterfaceOrientationLandscapeLeft UIInterfaceOrientationLandscapeRight";
				IPHONEOS_DEPLOYMENT_TARGET = 15.5;
				LD_RUNPATH_SEARCH_PATHS = (
					"$(inherited)",
					"@executable_path/Frameworks",
				);
				MARKETING_VERSION = 1.0;
				PRODUCT_BUNDLE_IDENTIFIER = com.nick.Locale;
				PRODUCT_NAME = Locale;
				SDKROOT = iphoneos;
				SWIFT_EMIT_LOC_STRINGS = YES;
				SWIFT_VERSION = 5.0;
				TARGETED_DEVICE_FAMILY = "1,2";
			};
			name = Debug;
		};
		8900CB962885F8B0007DDE9F /* Release */ = {
			isa = XCBuildConfiguration;
			buildSettings = {
				ASSETCATALOG_COMPILER_APPICON_NAME = AppIcon;
				ASSETCATALOG_COMPILER_GLOBAL_ACCENT_COLOR_NAME = AccentColor;
				CODE_SIGN_STYLE = Automatic;
				CURRENT_PROJECT_VERSION = 1;
				ENABLE_PREVIEWS = YES;
				GENERATE_INFOPLIST_FILE = YES;
				INFOPLIST_KEY_UIApplicationSceneManifest_Generation = YES;
				INFOPLIST_KEY_UIApplicationSupportsIndirectInputEvents = YES;
				INFOPLIST_KEY_UILaunchScreen_Generation = YES;
				INFOPLIST_KEY_UISupportedInterfaceOrientations_iPad = "UIInterfaceOrientationPortrait UIInterfaceOrientationPortraitUpsideDown UIInterfaceOrientationLandscapeLeft UIInterfaceOrientationLandscapeRight";
				INFOPLIST_KEY_UISupportedInterfaceOrientations_iPhone = "UIInterfaceOrientationPortrait UIInterfaceOrientationLandscapeLeft UIInterfaceOrientationLandscapeRight";
				IPHONEOS_DEPLOYMENT_TARGET = 15.5;
				LD_RUNPATH_SEARCH_PATHS = (
					"$(inherited)",
					"@executable_path/Frameworks",
				);
				MARKETING_VERSION = 1.0;
				PRODUCT_BUNDLE_IDENTIFIER = com.nick.Locale;
				PRODUCT_NAME = Locale;
				SDKROOT = iphoneos;
				SWIFT_EMIT_LOC_STRINGS = YES;
				SWIFT_VERSION = 5.0;
				TARGETED_DEVICE_FAMILY = "1,2";
				VALIDATE_PRODUCT = YES;
			};
			name = Release;
		};
		8900CB982885F8B0007DDE9F /* Debug */ = {
			isa = XCBuildConfiguration;
			buildSettings = {
				ASSETCATALOG_COMPILER_APPICON_NAME = AppIcon;
				ASSETCATALOG_COMPILER_GLOBAL_ACCENT_COLOR_NAME = AccentColor;
				CODE_SIGN_ENTITLEMENTS = macOS/macOS.entitlements;
				CODE_SIGN_STYLE = Automatic;
				COMBINE_HIDPI_IMAGES = YES;
				CURRENT_PROJECT_VERSION = 1;
				ENABLE_PREVIEWS = YES;
				GENERATE_INFOPLIST_FILE = YES;
				INFOPLIST_KEY_NSHumanReadableCopyright = "";
				LD_RUNPATH_SEARCH_PATHS = (
					"$(inherited)",
					"@executable_path/../Frameworks",
				);
				MACOSX_DEPLOYMENT_TARGET = 12.3;
				MARKETING_VERSION = 1.0;
				PRODUCT_BUNDLE_IDENTIFIER = com.nick.Locale;
				PRODUCT_NAME = Locale;
				SDKROOT = macosx;
				SWIFT_EMIT_LOC_STRINGS = YES;
				SWIFT_VERSION = 5.0;
			};
			name = Debug;
		};
		8900CB992885F8B0007DDE9F /* Release */ = {
			isa = XCBuildConfiguration;
			buildSettings = {
				ASSETCATALOG_COMPILER_APPICON_NAME = AppIcon;
				ASSETCATALOG_COMPILER_GLOBAL_ACCENT_COLOR_NAME = AccentColor;
				CODE_SIGN_ENTITLEMENTS = macOS/macOS.entitlements;
				CODE_SIGN_STYLE = Automatic;
				COMBINE_HIDPI_IMAGES = YES;
				CURRENT_PROJECT_VERSION = 1;
				ENABLE_PREVIEWS = YES;
				GENERATE_INFOPLIST_FILE = YES;
				INFOPLIST_KEY_NSHumanReadableCopyright = "";
				LD_RUNPATH_SEARCH_PATHS = (
					"$(inherited)",
					"@executable_path/../Frameworks",
				);
				MACOSX_DEPLOYMENT_TARGET = 12.3;
				MARKETING_VERSION = 1.0;
				PRODUCT_BUNDLE_IDENTIFIER = com.nick.Locale;
				PRODUCT_NAME = Locale;
				SDKROOT = macosx;
				SWIFT_EMIT_LOC_STRINGS = YES;
				SWIFT_VERSION = 5.0;
			};
			name = Release;
		};
		8900CB9B2885F8B0007DDE9F /* Debug */ = {
			isa = XCBuildConfiguration;
			buildSettings = {
				ALWAYS_EMBED_SWIFT_STANDARD_LIBRARIES = YES;
				CODE_SIGN_STYLE = Automatic;
				CURRENT_PROJECT_VERSION = 1;
				GENERATE_INFOPLIST_FILE = YES;
				IPHONEOS_DEPLOYMENT_TARGET = 15.5;
				MARKETING_VERSION = 1.0;
				PRODUCT_BUNDLE_IDENTIFIER = "com.nick.Tests-iOS";
				PRODUCT_NAME = "$(TARGET_NAME)";
				SDKROOT = iphoneos;
				SWIFT_EMIT_LOC_STRINGS = NO;
				SWIFT_VERSION = 5.0;
				TARGETED_DEVICE_FAMILY = "1,2";
				TEST_TARGET_NAME = "Locale (iOS)";
			};
			name = Debug;
		};
		8900CB9C2885F8B0007DDE9F /* Release */ = {
			isa = XCBuildConfiguration;
			buildSettings = {
				ALWAYS_EMBED_SWIFT_STANDARD_LIBRARIES = YES;
				CODE_SIGN_STYLE = Automatic;
				CURRENT_PROJECT_VERSION = 1;
				GENERATE_INFOPLIST_FILE = YES;
				IPHONEOS_DEPLOYMENT_TARGET = 15.5;
				MARKETING_VERSION = 1.0;
				PRODUCT_BUNDLE_IDENTIFIER = "com.nick.Tests-iOS";
				PRODUCT_NAME = "$(TARGET_NAME)";
				SDKROOT = iphoneos;
				SWIFT_EMIT_LOC_STRINGS = NO;
				SWIFT_VERSION = 5.0;
				TARGETED_DEVICE_FAMILY = "1,2";
				TEST_TARGET_NAME = "Locale (iOS)";
				VALIDATE_PRODUCT = YES;
			};
			name = Release;
		};
		8900CB9E2885F8B0007DDE9F /* Debug */ = {
			isa = XCBuildConfiguration;
			buildSettings = {
				ALWAYS_EMBED_SWIFT_STANDARD_LIBRARIES = YES;
				CODE_SIGN_STYLE = Automatic;
				CURRENT_PROJECT_VERSION = 1;
				GENERATE_INFOPLIST_FILE = YES;
				MACOSX_DEPLOYMENT_TARGET = 12.3;
				MARKETING_VERSION = 1.0;
				PRODUCT_BUNDLE_IDENTIFIER = "com.nick.Tests-macOS";
				PRODUCT_NAME = "$(TARGET_NAME)";
				SDKROOT = macosx;
				SWIFT_EMIT_LOC_STRINGS = NO;
				SWIFT_VERSION = 5.0;
				TEST_TARGET_NAME = "Locale (macOS)";
			};
			name = Debug;
		};
		8900CB9F2885F8B0007DDE9F /* Release */ = {
			isa = XCBuildConfiguration;
			buildSettings = {
				ALWAYS_EMBED_SWIFT_STANDARD_LIBRARIES = YES;
				CODE_SIGN_STYLE = Automatic;
				CURRENT_PROJECT_VERSION = 1;
				GENERATE_INFOPLIST_FILE = YES;
				MACOSX_DEPLOYMENT_TARGET = 12.3;
				MARKETING_VERSION = 1.0;
				PRODUCT_BUNDLE_IDENTIFIER = "com.nick.Tests-macOS";
				PRODUCT_NAME = "$(TARGET_NAME)";
				SDKROOT = macosx;
				SWIFT_EMIT_LOC_STRINGS = NO;
				SWIFT_VERSION = 5.0;
				TEST_TARGET_NAME = "Locale (macOS)";
			};
			name = Release;
		};
/* End XCBuildConfiguration section */

/* Begin XCConfigurationList section */
		8900CB622885F8AE007DDE9F /* Build configuration list for PBXProject "Locale" */ = {
			isa = XCConfigurationList;
			buildConfigurations = (
				8900CB922885F8B0007DDE9F /* Debug */,
				8900CB932885F8B0007DDE9F /* Release */,
			);
			defaultConfigurationIsVisible = 0;
			defaultConfigurationName = Release;
		};
		8900CB942885F8B0007DDE9F /* Build configuration list for PBXNativeTarget "Locale (iOS)" */ = {
			isa = XCConfigurationList;
			buildConfigurations = (
				8900CB952885F8B0007DDE9F /* Debug */,
				8900CB962885F8B0007DDE9F /* Release */,
			);
			defaultConfigurationIsVisible = 0;
			defaultConfigurationName = Release;
		};
		8900CB972885F8B0007DDE9F /* Build configuration list for PBXNativeTarget "Locale (macOS)" */ = {
			isa = XCConfigurationList;
			buildConfigurations = (
				8900CB982885F8B0007DDE9F /* Debug */,
				8900CB992885F8B0007DDE9F /* Release */,
			);
			defaultConfigurationIsVisible = 0;
			defaultConfigurationName = Release;
		};
		8900CB9A2885F8B0007DDE9F /* Build configuration list for PBXNativeTarget "Tests iOS" */ = {
			isa = XCConfigurationList;
			buildConfigurations = (
				8900CB9B2885F8B0007DDE9F /* Debug */,
				8900CB9C2885F8B0007DDE9F /* Release */,
			);
			defaultConfigurationIsVisible = 0;
			defaultConfigurationName = Release;
		};
		8900CB9D2885F8B0007DDE9F /* Build configuration list for PBXNativeTarget "Tests macOS" */ = {
			isa = XCConfigurationList;
			buildConfigurations = (
				8900CB9E2885F8B0007DDE9F /* Debug */,
				8900CB9F2885F8B0007DDE9F /* Release */,
			);
			defaultConfigurationIsVisible = 0;
			defaultConfigurationName = Release;
		};
/* End XCConfigurationList section */

/* Begin XCRemoteSwiftPackageReference section */
		8900CBAD2885FB3F007DDE9F /* XCRemoteSwiftPackageReference "firebase-ios-sdk" */ = {
			isa = XCRemoteSwiftPackageReference;
			repositoryURL = "https://github.com/firebase/firebase-ios-sdk";
			requirement = {
				branch = master;
				kind = branch;
			};
		};
		8900CBC12885FD65007DDE9F /* XCRemoteSwiftPackageReference "Kingfisher" */ = {
			isa = XCRemoteSwiftPackageReference;
			repositoryURL = "https://github.com/onevcat/Kingfisher.git";
			requirement = {
				branch = master;
				kind = branch;
			};
		};
		89E813F8288B215E005A69EF /* XCRemoteSwiftPackageReference "SwiftUI-Introspect" */ = {
			isa = XCRemoteSwiftPackageReference;
			repositoryURL = "https://github.com/siteline/SwiftUI-Introspect.git";
			requirement = {
				kind = upToNextMajorVersion;
				minimumVersion = 0.1.4;
			};
		};
/* End XCRemoteSwiftPackageReference section */

/* Begin XCSwiftPackageProductDependency section */
		8900CBAE2885FB3F007DDE9F /* FirebaseAuth */ = {
			isa = XCSwiftPackageProductDependency;
			package = 8900CBAD2885FB3F007DDE9F /* XCRemoteSwiftPackageReference "firebase-ios-sdk" */;
			productName = FirebaseAuth;
		};
		8900CBB02885FB3F007DDE9F /* FirebaseFirestore */ = {
			isa = XCSwiftPackageProductDependency;
			package = 8900CBAD2885FB3F007DDE9F /* XCRemoteSwiftPackageReference "firebase-ios-sdk" */;
			productName = FirebaseFirestore;
		};
		8900CBB22885FB3F007DDE9F /* FirebaseFirestoreSwift */ = {
			isa = XCSwiftPackageProductDependency;
			package = 8900CBAD2885FB3F007DDE9F /* XCRemoteSwiftPackageReference "firebase-ios-sdk" */;
			productName = FirebaseFirestoreSwift;
		};
		8900CBB42885FB3F007DDE9F /* FirebaseStorage */ = {
			isa = XCSwiftPackageProductDependency;
			package = 8900CBAD2885FB3F007DDE9F /* XCRemoteSwiftPackageReference "firebase-ios-sdk" */;
			productName = FirebaseStorage;
		};
		8900CBC22885FD65007DDE9F /* Kingfisher */ = {
			isa = XCSwiftPackageProductDependency;
			package = 8900CBC12885FD65007DDE9F /* XCRemoteSwiftPackageReference "Kingfisher" */;
			productName = Kingfisher;
		};
		89E813F9288B215E005A69EF /* Introspect */ = {
			isa = XCSwiftPackageProductDependency;
			package = 89E813F8288B215E005A69EF /* XCRemoteSwiftPackageReference "SwiftUI-Introspect" */;
			productName = Introspect;
		};
/* End XCSwiftPackageProductDependency section */
	};
	rootObject = 8900CB5F2885F8AE007DDE9F /* Project object */;
}
